
Microsoft Visual Studio Solution File, Format Version 12.00
# Visual Studio 2013
Project("{8BC9CEB8-8B4A-11D0-8D11-00A0C91BC942}") = "CinderProject", "CinderProject.vcxproj", "{4BA69E77-6F0F-4C5B-83DD-4224FB7E0E18}"
EndProject
Global
	GlobalSection(SolutionConfigurationPlatforms) = preSolution
		Debug|Win32 = Debug|Win32
		Release|Win32 = Release|Win32
	EndGlobalSection
	GlobalSection(ProjectConfigurationPlatforms) = postSolution
		{4BA69E77-6F0F-4C5B-83DD-4224FB7E0E18}.Debug|Win32.ActiveCfg = Debug|Win32
		{4BA69E77-6F0F-4C5B-83DD-4224FB7E0E18}.Debug|Win32.Build.0 = Debug|Win32
		{4BA69E77-6F0F-4C5B-83DD-4224FB7E0E18}.Release|Win32.ActiveCfg = Release|Win32
		{4BA69E77-6F0F-4C5B-83DD-4224FB7E0E18}.Release|Win32.Build.0 = Release|Win32
	EndGlobalSection
	GlobalSection(SolutionProperties) = preSolution
		HideSolutionNode = FALSE
	EndGlobalSection
EndGlobal
